
Microsoft Visual Studio Solution File, Format Version 12.00
# Visual Studio Version 16
VisualStudioVersion = 16.0.30413.136
MinimumVisualStudioVersion = 10.0.40219.1
Project("{8BC9CEB8-8B4A-11D0-8D11-00A0C91BC942}") = "Dlg_03", "Dlg_03\Dlg_03.vcxproj", "{30C48AA1-C16D-48FF-9BF3-1B203F48BAC3}"
EndProject
Global
	GlobalSection(SolutionConfigurationPlatforms) = preSolution
		Debug|x64 = Debug|x64
		Debug|x86 = Debug|x86
		Release|x64 = Release|x64
		Release|x86 = Release|x86
	EndGlobalSection
	GlobalSection(ProjectConfigurationPlatforms) = postSolution
		{30C48AA1-C16D-48FF-9BF3-1B203F48BAC3}.Debug|x64.ActiveCfg = Debug|x64
		{30C48AA1-C16D-48FF-9BF3-1B203F48BAC3}.Debug|x64.Build.0 = Debug|x64
		{30C48AA1-C16D-48FF-9BF3-1B203F48BAC3}.Debug|x86.ActiveCfg = Debug|Win32
		{30C48AA1-C16D-48FF-9BF3-1B203F48BAC3}.Debug|x86.Build.0 = Debug|Win32
		{30C48AA1-C16D-48FF-9BF3-1B203F48BAC3}.Release|x64.ActiveCfg = Release|x64
		{30C48AA1-C16D-48FF-9BF3-1B203F48BAC3}.Release|x64.Build.0 = Release|x64
		{30C48AA1-C16D-48FF-9BF3-1B203F48BAC3}.Release|x86.ActiveCfg = Release|Win32
		{30C48AA1-C16D-48FF-9BF3-1B203F48BAC3}.Release|x86.Build.0 = Release|Win32
	EndGlobalSection
	GlobalSection(SolutionProperties) = preSolution
		HideSolutionNode = FALSE
	EndGlobalSection
	GlobalSection(ExtensibilityGlobals) = postSolution
		SolutionGuid = {390D016F-4D44-4ADC-98AF-7289AC7E3A8B}
	EndGlobalSection
EndGlobal
